// !$*UTF8*$!
{
	archiveVersion = 1;
	classes = {
	};
	objectVersion = 46;
	objects = {

/* Begin PBXBuildFile section */
		17B45E1A1AEEAF290019685D /* GitManager.swift in Sources */ = {isa = PBXBuildFile; fileRef = 17B45E191AEEAF290019685D /* GitManager.swift */; };
		17B45E1E1AEEB0160019685D /* ProjectViewController.swift in Sources */ = {isa = PBXBuildFile; fileRef = 17B45E1D1AEEB0160019685D /* ProjectViewController.swift */; };
		17D36C2F1AF2B13F0070428B /* CellLabels.swift in Sources */ = {isa = PBXBuildFile; fileRef = 17D36C2E1AF2B13F0070428B /* CellLabels.swift */; };
		EB08726C1AF02387001E90CA /* CoreDataPersistence.swift in Sources */ = {isa = PBXBuildFile; fileRef = EB08726B1AF02387001E90CA /* CoreDataPersistence.swift */; };
		EB5E9D481AEE9FD8008672E6 /* AppDelegate.swift in Sources */ = {isa = PBXBuildFile; fileRef = EB5E9D471AEE9FD8008672E6 /* AppDelegate.swift */; };
		EB5E9D4B1AEE9FD8008672E6 /* GitClub.xcdatamodeld in Sources */ = {isa = PBXBuildFile; fileRef = EB5E9D491AEE9FD8008672E6 /* GitClub.xcdatamodeld */; };
		EB5E9D4D1AEE9FD8008672E6 /* MainViewController.swift in Sources */ = {isa = PBXBuildFile; fileRef = EB5E9D4C1AEE9FD8008672E6 /* MainViewController.swift */; };
		EB5E9D501AEE9FD8008672E6 /* Main.storyboard in Resources */ = {isa = PBXBuildFile; fileRef = EB5E9D4E1AEE9FD8008672E6 /* Main.storyboard */; };
		EB5E9D521AEE9FD8008672E6 /* Images.xcassets in Resources */ = {isa = PBXBuildFile; fileRef = EB5E9D511AEE9FD8008672E6 /* Images.xcassets */; };
		EB5E9D551AEE9FD8008672E6 /* LaunchScreen.xib in Resources */ = {isa = PBXBuildFile; fileRef = EB5E9D531AEE9FD8008672E6 /* LaunchScreen.xib */; };
		EB5E9D611AEE9FD8008672E6 /* GitClubTests.swift in Sources */ = {isa = PBXBuildFile; fileRef = EB5E9D601AEE9FD8008672E6 /* GitClubTests.swift */; };
		EB78F54A1AF273C800B026F2 /* Project.swift in Sources */ = {isa = PBXBuildFile; fileRef = EB78F5491AF273C800B026F2 /* Project.swift */; };
		EB78F54C1AF273C800B026F2 /* Challenge.swift in Sources */ = {isa = PBXBuildFile; fileRef = EB78F54B1AF273C800B026F2 /* Challenge.swift */; };
		EB78F5501AF29E2700B026F2 /* TableViewCell.swift in Sources */ = {isa = PBXBuildFile; fileRef = EB78F54F1AF29E2700B026F2 /* TableViewCell.swift */; };
		EB9AA8E71AF14F33003F9057 /* ProjectManager.swift in Sources */ = {isa = PBXBuildFile; fileRef = EB9AA8E61AF14F33003F9057 /* ProjectManager.swift */; };
		EB9AA8EB1AF14FE0003F9057 /* ChallengeManager.swift in Sources */ = {isa = PBXBuildFile; fileRef = EB9AA8EA1AF14FE0003F9057 /* ChallengeManager.swift */; };
/* End PBXBuildFile section */

/* Begin PBXContainerItemProxy section */
		EB5E9D5B1AEE9FD8008672E6 /* PBXContainerItemProxy */ = {
			isa = PBXContainerItemProxy;
			containerPortal = EB5E9D3A1AEE9FD8008672E6 /* Project object */;
			proxyType = 1;
			remoteGlobalIDString = EB5E9D411AEE9FD8008672E6;
			remoteInfo = GitClub;
		};
/* End PBXContainerItemProxy section */

/* Begin PBXFileReference section */
		17B45E191AEEAF290019685D /* GitManager.swift */ = {isa = PBXFileReference; fileEncoding = 4; lastKnownFileType = sourcecode.swift; path = GitManager.swift; sourceTree = "<group>"; };
		17B45E1D1AEEB0160019685D /* ProjectViewController.swift */ = {isa = PBXFileReference; fileEncoding = 4; lastKnownFileType = sourcecode.swift; path = ProjectViewController.swift; sourceTree = "<group>"; };
		17D36C2E1AF2B13F0070428B /* CellLabels.swift */ = {isa = PBXFileReference; fileEncoding = 4; lastKnownFileType = sourcecode.swift; path = CellLabels.swift; sourceTree = "<group>"; };
		EB08726B1AF02387001E90CA /* CoreDataPersistence.swift */ = {isa = PBXFileReference; fileEncoding = 4; lastKnownFileType = sourcecode.swift; name = CoreDataPersistence.swift; path = Persistencia/CoreDataPersistence.swift; sourceTree = "<group>"; };
		EB5E9D421AEE9FD8008672E6 /* GitClub.app */ = {isa = PBXFileReference; explicitFileType = wrapper.application; includeInIndex = 0; path = GitClub.app; sourceTree = BUILT_PRODUCTS_DIR; };
		EB5E9D461AEE9FD8008672E6 /* Info.plist */ = {isa = PBXFileReference; lastKnownFileType = text.plist.xml; path = Info.plist; sourceTree = "<group>"; };
		EB5E9D471AEE9FD8008672E6 /* AppDelegate.swift */ = {isa = PBXFileReference; lastKnownFileType = sourcecode.swift; path = AppDelegate.swift; sourceTree = "<group>"; };
		EB5E9D4A1AEE9FD8008672E6 /* GitClub.xcdatamodel */ = {isa = PBXFileReference; lastKnownFileType = wrapper.xcdatamodel; path = GitClub.xcdatamodel; sourceTree = "<group>"; };
		EB5E9D4C1AEE9FD8008672E6 /* MainViewController.swift */ = {isa = PBXFileReference; lastKnownFileType = sourcecode.swift; path = MainViewController.swift; sourceTree = "<group>"; };
		EB5E9D4F1AEE9FD8008672E6 /* Base */ = {isa = PBXFileReference; lastKnownFileType = file.storyboard; name = Base; path = Base.lproj/Main.storyboard; sourceTree = "<group>"; };
		EB5E9D511AEE9FD8008672E6 /* Images.xcassets */ = {isa = PBXFileReference; lastKnownFileType = folder.assetcatalog; path = Images.xcassets; sourceTree = "<group>"; };
		EB5E9D541AEE9FD8008672E6 /* Base */ = {isa = PBXFileReference; lastKnownFileType = file.xib; name = Base; path = Base.lproj/LaunchScreen.xib; sourceTree = "<group>"; };
		EB5E9D5A1AEE9FD8008672E6 /* GitClubTests.xctest */ = {isa = PBXFileReference; explicitFileType = wrapper.cfbundle; includeInIndex = 0; path = GitClubTests.xctest; sourceTree = BUILT_PRODUCTS_DIR; };
		EB5E9D5F1AEE9FD8008672E6 /* Info.plist */ = {isa = PBXFileReference; lastKnownFileType = text.plist.xml; path = Info.plist; sourceTree = "<group>"; };
		EB5E9D601AEE9FD8008672E6 /* GitClubTests.swift */ = {isa = PBXFileReference; lastKnownFileType = sourcecode.swift; path = GitClubTests.swift; sourceTree = "<group>"; };
		EB78F5491AF273C800B026F2 /* Project.swift */ = {isa = PBXFileReference; fileEncoding = 4; lastKnownFileType = sourcecode.swift; path = Project.swift; sourceTree = "<group>"; };
		EB78F54B1AF273C800B026F2 /* Challenge.swift */ = {isa = PBXFileReference; fileEncoding = 4; lastKnownFileType = sourcecode.swift; path = Challenge.swift; sourceTree = "<group>"; };
		EB78F54F1AF29E2700B026F2 /* TableViewCell.swift */ = {isa = PBXFileReference; fileEncoding = 4; lastKnownFileType = sourcecode.swift; path = TableViewCell.swift; sourceTree = "<group>"; };
		EB9AA8E61AF14F33003F9057 /* ProjectManager.swift */ = {isa = PBXFileReference; fileEncoding = 4; lastKnownFileType = sourcecode.swift; path = ProjectManager.swift; sourceTree = "<group>"; };
		EB9AA8EA1AF14FE0003F9057 /* ChallengeManager.swift */ = {isa = PBXFileReference; fileEncoding = 4; lastKnownFileType = sourcecode.swift; path = ChallengeManager.swift; sourceTree = "<group>"; };
/* End PBXFileReference section */

/* Begin PBXFrameworksBuildPhase section */
		EB5E9D3F1AEE9FD8008672E6 /* Frameworks */ = {
			isa = PBXFrameworksBuildPhase;
			buildActionMask = 2147483647;
			files = (
			);
			runOnlyForDeploymentPostprocessing = 0;
		};
		EB5E9D571AEE9FD8008672E6 /* Frameworks */ = {
			isa = PBXFrameworksBuildPhase;
			buildActionMask = 2147483647;
			files = (
			);
			runOnlyForDeploymentPostprocessing = 0;
		};
/* End PBXFrameworksBuildPhase section */

/* Begin PBXGroup section */
		EB08726D1AF0238C001E90CA /* Persistence */ = {
			isa = PBXGroup;
			children = (
				EB08726B1AF02387001E90CA /* CoreDataPersistence.swift */,
				EB9AA8E61AF14F33003F9057 /* ProjectManager.swift */,
				EB9AA8EA1AF14FE0003F9057 /* ChallengeManager.swift */,
			);
			name = Persistence;
			sourceTree = "<group>";
		};
		EB5E9D391AEE9FD8008672E6 = {
			isa = PBXGroup;
			children = (
				EB5E9D441AEE9FD8008672E6 /* GitClub */,
				EB5E9D5D1AEE9FD8008672E6 /* GitClubTests */,
				EB5E9D431AEE9FD8008672E6 /* Products */,
			);
			sourceTree = "<group>";
		};
		EB5E9D431AEE9FD8008672E6 /* Products */ = {
			isa = PBXGroup;
			children = (
				EB5E9D421AEE9FD8008672E6 /* GitClub.app */,
				EB5E9D5A1AEE9FD8008672E6 /* GitClubTests.xctest */,
			);
			name = Products;
			sourceTree = "<group>";
		};
		EB5E9D441AEE9FD8008672E6 /* GitClub */ = {
			isa = PBXGroup;
			children = (
				EB5E9D471AEE9FD8008672E6 /* AppDelegate.swift */,
				17B45E191AEEAF290019685D /* GitManager.swift */,
				17B45E1D1AEEB0160019685D /* ProjectViewController.swift */,
				EB5E9D4C1AEE9FD8008672E6 /* MainViewController.swift */,
				EB78F54F1AF29E2700B026F2 /* TableViewCell.swift */,
				EB5E9D4E1AEE9FD8008672E6 /* Main.storyboard */,
				17D36C2E1AF2B13F0070428B /* CellLabels.swift */,
				EB5E9D511AEE9FD8008672E6 /* Images.xcassets */,
				EB5E9D531AEE9FD8008672E6 /* LaunchScreen.xib */,
				EB5E9D491AEE9FD8008672E6 /* GitClub.xcdatamodeld */,
				EB08726D1AF0238C001E90CA /* Persistence */,
				EB9AA8E31AF14383003F9057 /* Models */,
				EB5E9D451AEE9FD8008672E6 /* Supporting Files */,
			);
			path = GitClub;
			sourceTree = "<group>";
		};
		EB5E9D451AEE9FD8008672E6 /* Supporting Files */ = {
			isa = PBXGroup;
			children = (
				EB5E9D461AEE9FD8008672E6 /* Info.plist */,
			);
			name = "Supporting Files";
			sourceTree = "<group>";
		};
		EB5E9D5D1AEE9FD8008672E6 /* GitClubTests */ = {
			isa = PBXGroup;
			children = (
				EB5E9D601AEE9FD8008672E6 /* GitClubTests.swift */,
				EB5E9D5E1AEE9FD8008672E6 /* Supporting Files */,
			);
			path = GitClubTests;
			sourceTree = "<group>";
		};
		EB5E9D5E1AEE9FD8008672E6 /* Supporting Files */ = {
			isa = PBXGroup;
			children = (
				EB5E9D5F1AEE9FD8008672E6 /* Info.plist */,
			);
			name = "Supporting Files";
			sourceTree = "<group>";
		};
		EB9AA8E31AF14383003F9057 /* Models */ = {
			isa = PBXGroup;
			children = (
				EB78F54B1AF273C800B026F2 /* Challenge.swift */,
				EB78F5491AF273C800B026F2 /* Project.swift */,
			);
			name = Models;
			sourceTree = "<group>";
		};
/* End PBXGroup section */

/* Begin PBXNativeTarget section */
		EB5E9D411AEE9FD8008672E6 /* GitClub */ = {
			isa = PBXNativeTarget;
			buildConfigurationList = EB5E9D641AEE9FD8008672E6 /* Build configuration list for PBXNativeTarget "GitClub" */;
			buildPhases = (
				EB5E9D3E1AEE9FD8008672E6 /* Sources */,
				EB5E9D3F1AEE9FD8008672E6 /* Frameworks */,
				EB5E9D401AEE9FD8008672E6 /* Resources */,
			);
			buildRules = (
			);
			dependencies = (
			);
			name = GitClub;
			productName = GitClub;
			productReference = EB5E9D421AEE9FD8008672E6 /* GitClub.app */;
			productType = "com.apple.product-type.application";
		};
		EB5E9D591AEE9FD8008672E6 /* GitClubTests */ = {
			isa = PBXNativeTarget;
			buildConfigurationList = EB5E9D671AEE9FD8008672E6 /* Build configuration list for PBXNativeTarget "GitClubTests" */;
			buildPhases = (
				EB5E9D561AEE9FD8008672E6 /* Sources */,
				EB5E9D571AEE9FD8008672E6 /* Frameworks */,
				EB5E9D581AEE9FD8008672E6 /* Resources */,
			);
			buildRules = (
			);
			dependencies = (
				EB5E9D5C1AEE9FD8008672E6 /* PBXTargetDependency */,
			);
			name = GitClubTests;
			productName = GitClubTests;
			productReference = EB5E9D5A1AEE9FD8008672E6 /* GitClubTests.xctest */;
			productType = "com.apple.product-type.bundle.unit-test";
		};
/* End PBXNativeTarget section */

/* Begin PBXProject section */
		EB5E9D3A1AEE9FD8008672E6 /* Project object */ = {
			isa = PBXProject;
			attributes = {
				LastUpgradeCheck = 0630;
				ORGANIZATIONNAME = Wololo;
				TargetAttributes = {
					EB5E9D411AEE9FD8008672E6 = {
						CreatedOnToolsVersion = 6.3.1;
						DevelopmentTeam = KY9XTC3U67;
						SystemCapabilities = {
							com.apple.DataProtection = {
								enabled = 0;
							};
						};
					};
					EB5E9D591AEE9FD8008672E6 = {
						CreatedOnToolsVersion = 6.3.1;
						TestTargetID = EB5E9D411AEE9FD8008672E6;
					};
				};
			};
			buildConfigurationList = EB5E9D3D1AEE9FD8008672E6 /* Build configuration list for PBXProject "GitClub" */;
			compatibilityVersion = "Xcode 3.2";
			developmentRegion = English;
			hasScannedForEncodings = 0;
			knownRegions = (
				en,
				Base,
			);
			mainGroup = EB5E9D391AEE9FD8008672E6;
			productRefGroup = EB5E9D431AEE9FD8008672E6 /* Products */;
			projectDirPath = "";
			projectRoot = "";
			targets = (
				EB5E9D411AEE9FD8008672E6 /* GitClub */,
				EB5E9D591AEE9FD8008672E6 /* GitClubTests */,
			);
		};
/* End PBXProject section */

/* Begin PBXResourcesBuildPhase section */
		EB5E9D401AEE9FD8008672E6 /* Resources */ = {
			isa = PBXResourcesBuildPhase;
			buildActionMask = 2147483647;
			files = (
				EB5E9D501AEE9FD8008672E6 /* Main.storyboard in Resources */,
				EB5E9D551AEE9FD8008672E6 /* LaunchScreen.xib in Resources */,
				EB5E9D521AEE9FD8008672E6 /* Images.xcassets in Resources */,
			);
			runOnlyForDeploymentPostprocessing = 0;
		};
		EB5E9D581AEE9FD8008672E6 /* Resources */ = {
			isa = PBXResourcesBuildPhase;
			buildActionMask = 2147483647;
			files = (
			);
			runOnlyForDeploymentPostprocessing = 0;
		};
/* End PBXResourcesBuildPhase section */

/* Begin PBXSourcesBuildPhase section */
		EB5E9D3E1AEE9FD8008672E6 /* Sources */ = {
			isa = PBXSourcesBuildPhase;
			buildActionMask = 2147483647;
			files = (
				EB9AA8E71AF14F33003F9057 /* ProjectManager.swift in Sources */,
				EB08726C1AF02387001E90CA /* CoreDataPersistence.swift in Sources */,
				17B45E1E1AEEB0160019685D /* ProjectViewController.swift in Sources */,
				EB5E9D4D1AEE9FD8008672E6 /* MainViewController.swift in Sources */,
				17B45E1A1AEEAF290019685D /* GitManager.swift in Sources */,
				EB9AA8EB1AF14FE0003F9057 /* ChallengeManager.swift in Sources */,
				EB78F5501AF29E2700B026F2 /* TableViewCell.swift in Sources */,
				EB5E9D4B1AEE9FD8008672E6 /* GitClub.xcdatamodeld in Sources */,
				EB5E9D481AEE9FD8008672E6 /* AppDelegate.swift in Sources */,
				EB78F54A1AF273C800B026F2 /* Project.swift in Sources */,
				17D36C2F1AF2B13F0070428B /* CellLabels.swift in Sources */,
				EB78F54C1AF273C800B026F2 /* Challenge.swift in Sources */,
			);
			runOnlyForDeploymentPostprocessing = 0;
		};
		EB5E9D561AEE9FD8008672E6 /* Sources */ = {
			isa = PBXSourcesBuildPhase;
			buildActionMask = 2147483647;
			files = (
				EB5E9D611AEE9FD8008672E6 /* GitClubTests.swift in Sources */,
			);
			runOnlyForDeploymentPostprocessing = 0;
		};
/* End PBXSourcesBuildPhase section */

/* Begin PBXTargetDependency section */
		EB5E9D5C1AEE9FD8008672E6 /* PBXTargetDependency */ = {
			isa = PBXTargetDependency;
			target = EB5E9D411AEE9FD8008672E6 /* GitClub */;
			targetProxy = EB5E9D5B1AEE9FD8008672E6 /* PBXContainerItemProxy */;
		};
/* End PBXTargetDependency section */

/* Begin PBXVariantGroup section */
		EB5E9D4E1AEE9FD8008672E6 /* Main.storyboard */ = {
			isa = PBXVariantGroup;
			children = (
				EB5E9D4F1AEE9FD8008672E6 /* Base */,
			);
			name = Main.storyboard;
			sourceTree = "<group>";
		};
		EB5E9D531AEE9FD8008672E6 /* LaunchScreen.xib */ = {
			isa = PBXVariantGroup;
			children = (
				EB5E9D541AEE9FD8008672E6 /* Base */,
			);
			name = LaunchScreen.xib;
			sourceTree = "<group>";
		};
/* End PBXVariantGroup section */

/* Begin XCBuildConfiguration section */
		EB5E9D621AEE9FD8008672E6 /* Debug */ = {
			isa = XCBuildConfiguration;
			buildSettings = {
				ALWAYS_SEARCH_USER_PATHS = NO;
				CLANG_CXX_LANGUAGE_STANDARD = "gnu++0x";
				CLANG_CXX_LIBRARY = "libc++";
				CLANG_ENABLE_MODULES = YES;
				CLANG_ENABLE_OBJC_ARC = YES;
				CLANG_WARN_BOOL_CONVERSION = YES;
				CLANG_WARN_CONSTANT_CONVERSION = YES;
				CLANG_WARN_DIRECT_OBJC_ISA_USAGE = YES_ERROR;
				CLANG_WARN_EMPTY_BODY = YES;
				CLANG_WARN_ENUM_CONVERSION = YES;
				CLANG_WARN_INT_CONVERSION = YES;
				CLANG_WARN_OBJC_ROOT_CLASS = YES_ERROR;
				CLANG_WARN_UNREACHABLE_CODE = YES;
				CLANG_WARN__DUPLICATE_METHOD_MATCH = YES;
				"CODE_SIGN_IDENTITY[sdk=iphoneos*]" = "iPhone Developer";
				COPY_PHASE_STRIP = NO;
				DEBUG_INFORMATION_FORMAT = "dwarf-with-dsym";
				ENABLE_STRICT_OBJC_MSGSEND = YES;
				GCC_C_LANGUAGE_STANDARD = gnu99;
				GCC_DYNAMIC_NO_PIC = NO;
				GCC_NO_COMMON_BLOCKS = YES;
				GCC_OPTIMIZATION_LEVEL = 0;
				GCC_PREPROCESSOR_DEFINITIONS = (
					"DEBUG=1",
					"$(inherited)",
				);
				GCC_SYMBOLS_PRIVATE_EXTERN = NO;
				GCC_WARN_64_TO_32_BIT_CONVERSION = YES;
				GCC_WARN_ABOUT_RETURN_TYPE = YES_ERROR;
				GCC_WARN_UNDECLARED_SELECTOR = YES;
				GCC_WARN_UNINITIALIZED_AUTOS = YES_AGGRESSIVE;
				GCC_WARN_UNUSED_FUNCTION = YES;
				GCC_WARN_UNUSED_VARIABLE = YES;
				IPHONEOS_DEPLOYMENT_TARGET = 8.3;
				MTL_ENABLE_DEBUG_INFO = YES;
				ONLY_ACTIVE_ARCH = YES;
				SDKROOT = iphoneos;
				SWIFT_OPTIMIZATION_LEVEL = "-Onone";
				TARGETED_DEVICE_FAMILY = "1,2";
			};
			name = Debug;
		};
		EB5E9D631AEE9FD8008672E6 /* Release */ = {
			isa = XCBuildConfiguration;
			buildSettings = {
				ALWAYS_SEARCH_USER_PATHS = NO;
				CLANG_CXX_LANGUAGE_STANDARD = "gnu++0x";
				CLANG_CXX_LIBRARY = "libc++";
				CLANG_ENABLE_MODULES = YES;
				CLANG_ENABLE_OBJC_ARC = YES;
				CLANG_WARN_BOOL_CONVERSION = YES;
				CLANG_WARN_CONSTANT_CONVERSION = YES;
				CLANG_WARN_DIRECT_OBJC_ISA_USAGE = YES_ERROR;
				CLANG_WARN_EMPTY_BODY = YES;
				CLANG_WARN_ENUM_CONVERSION = YES;
				CLANG_WARN_INT_CONVERSION = YES;
				CLANG_WARN_OBJC_ROOT_CLASS = YES_ERROR;
				CLANG_WARN_UNREACHABLE_CODE = YES;
				CLANG_WARN__DUPLICATE_METHOD_MATCH = YES;
				"CODE_SIGN_IDENTITY[sdk=iphoneos*]" = "iPhone Developer";
				COPY_PHASE_STRIP = NO;
				DEBUG_INFORMATION_FORMAT = "dwarf-with-dsym";
				ENABLE_NS_ASSERTIONS = NO;
				ENABLE_STRICT_OBJC_MSGSEND = YES;
				GCC_C_LANGUAGE_STANDARD = gnu99;
				GCC_NO_COMMON_BLOCKS = YES;
				GCC_WARN_64_TO_32_BIT_CONVERSION = YES;
				GCC_WARN_ABOUT_RETURN_TYPE = YES_ERROR;
				GCC_WARN_UNDECLARED_SELECTOR = YES;
				GCC_WARN_UNINITIALIZED_AUTOS = YES_AGGRESSIVE;
				GCC_WARN_UNUSED_FUNCTION = YES;
				GCC_WARN_UNUSED_VARIABLE = YES;
				IPHONEOS_DEPLOYMENT_TARGET = 8.3;
				MTL_ENABLE_DEBUG_INFO = NO;
				SDKROOT = iphoneos;
				TARGETED_DEVICE_FAMILY = "1,2";
				VALIDATE_PRODUCT = YES;
			};
			name = Release;
		};
		EB5E9D651AEE9FD8008672E6 /* Debug */ = {
			isa = XCBuildConfiguration;
			buildSettings = {
				ASSETCATALOG_COMPILER_APPICON_NAME = AppIcon;
				CODE_SIGN_IDENTITY = "iPhone Developer";
				"CODE_SIGN_IDENTITY[sdk=iphoneos*]" = "iPhone Developer";
				INFOPLIST_FILE = GitClub/Info.plist;
				LD_RUNPATH_SEARCH_PATHS = "$(inherited) @executable_path/Frameworks";
				PRODUCT_NAME = "$(TARGET_NAME)";
				PROVISIONING_PROFILE = "";
			};
			name = Debug;
		};
		EB5E9D661AEE9FD8008672E6 /* Release */ = {
			isa = XCBuildConfiguration;
			buildSettings = {
				ASSETCATALOG_COMPILER_APPICON_NAME = AppIcon;
				CODE_SIGN_IDENTITY = "iPhone Developer";
				"CODE_SIGN_IDENTITY[sdk=iphoneos*]" = "iPhone Developer";
				INFOPLIST_FILE = GitClub/Info.plist;
				LD_RUNPATH_SEARCH_PATHS = "$(inherited) @executable_path/Frameworks";
				PRODUCT_NAME = "$(TARGET_NAME)";
				PROVISIONING_PROFILE = "";
			};
			name = Release;
		};
		EB5E9D681AEE9FD8008672E6 /* Debug */ = {
			isa = XCBuildConfiguration;
			buildSettings = {
				BUNDLE_LOADER = "$(TEST_HOST)";
				FRAMEWORK_SEARCH_PATHS = (
					"$(SDKROOT)/Developer/Library/Frameworks",
					"$(inherited)",
				);
				GCC_PREPROCESSOR_DEFINITIONS = (
					"DEBUG=1",
					"$(inherited)",
				);
				INFOPLIST_FILE = GitClubTests/Info.plist;
				LD_RUNPATH_SEARCH_PATHS = "$(inherited) @executable_path/Frameworks @loader_path/Frameworks";
				PRODUCT_NAME = "$(TARGET_NAME)";
				TEST_HOST = "$(BUILT_PRODUCTS_DIR)/GitClub.app/GitClub";
			};
			name = Debug;
		};
		EB5E9D691AEE9FD8008672E6 /* Release */ = {
			isa = XCBuildConfiguration;
			buildSettings = {
				BUNDLE_LOADER = "$(TEST_HOST)";
				FRAMEWORK_SEARCH_PATHS = (
					"$(SDKROOT)/Developer/Library/Frameworks",
					"$(inherited)",
				);
				INFOPLIST_FILE = GitClubTests/Info.plist;
				LD_RUNPATH_SEARCH_PATHS = "$(inherited) @executable_path/Frameworks @loader_path/Frameworks";
				PRODUCT_NAME = "$(TARGET_NAME)";
				TEST_HOST = "$(BUILT_PRODUCTS_DIR)/GitClub.app/GitClub";
			};
			name = Release;
		};
/* End XCBuildConfiguration section */

/* Begin XCConfigurationList section */
		EB5E9D3D1AEE9FD8008672E6 /* Build configuration list for PBXProject "GitClub" */ = {
			isa = XCConfigurationList;
			buildConfigurations = (
				EB5E9D621AEE9FD8008672E6 /* Debug */,
				EB5E9D631AEE9FD8008672E6 /* Release */,
			);
			defaultConfigurationIsVisible = 0;
			defaultConfigurationName = Release;
		};
		EB5E9D641AEE9FD8008672E6 /* Build configuration list for PBXNativeTarget "GitClub" */ = {
			isa = XCConfigurationList;
			buildConfigurations = (
				EB5E9D651AEE9FD8008672E6 /* Debug */,
				EB5E9D661AEE9FD8008672E6 /* Release */,
			);
			defaultConfigurationIsVisible = 0;
			defaultConfigurationName = Release;
		};
		EB5E9D671AEE9FD8008672E6 /* Build configuration list for PBXNativeTarget "GitClubTests" */ = {
			isa = XCConfigurationList;
			buildConfigurations = (
				EB5E9D681AEE9FD8008672E6 /* Debug */,
				EB5E9D691AEE9FD8008672E6 /* Release */,
			);
			defaultConfigurationIsVisible = 0;
			defaultConfigurationName = Release;
		};
/* End XCConfigurationList section */

/* Begin XCVersionGroup section */
		EB5E9D491AEE9FD8008672E6 /* GitClub.xcdatamodeld */ = {
			isa = XCVersionGroup;
			children = (
				EB5E9D4A1AEE9FD8008672E6 /* GitClub.xcdatamodel */,
			);
			currentVersion = EB5E9D4A1AEE9FD8008672E6 /* GitClub.xcdatamodel */;
			path = GitClub.xcdatamodeld;
			sourceTree = "<group>";
			versionGroupType = wrapper.xcdatamodel;
		};
/* End XCVersionGroup section */
	};
	rootObject = EB5E9D3A1AEE9FD8008672E6 /* Project object */;
}
